// !$*UTF8*$!
{
	archiveVersion = 1;
	classes = {
	};
	objectVersion = 45;
	objects = {

/* Begin PBXBuildFile section */
		2C05A19C06CAA52B00D84F6F /* GetMetadataForFile.m in Sources */ = {isa = PBXBuildFile; fileRef = 2C05A19B06CAA52B00D84F6F /* GetMetadataForFile.m */; };
		8C43736109DD193E0055FEFF /* Cocoa.framework in Frameworks */ = {isa = PBXBuildFile; fileRef = 8C43736009DD193E0055FEFF /* Cocoa.framework */; };
		8C437E7B09DD225F0055FEFF /* metadata_iterators.c in Sources */ = {isa = PBXBuildFile; fileRef = 8C437E7809DD225F0055FEFF /* metadata_iterators.c */; };
		8C437E7C09DD225F0055FEFF /* metadata_object.c in Sources */ = {isa = PBXBuildFile; fileRef = 8C437E7909DD225F0055FEFF /* metadata_object.c */; };
		8C437EA209DD236D0055FEFF /* format.c in Sources */ = {isa = PBXBuildFile; fileRef = 8C437EA109DD236D0055FEFF /* format.c */; };
		8C437ED909DD25140055FEFF /* md5.c in Sources */ = {isa = PBXBuildFile; fileRef = 8C437ED809DD25140055FEFF /* md5.c */; };
		8C437EDD09DD252B0055FEFF /* bitbuffer.c in Sources */ = {isa = PBXBuildFile; fileRef = 8C437EDC09DD252B0055FEFF /* bitbuffer.c */; };
		8C437EE309DD25440055FEFF /* bitmath.c in Sources */ = {isa = PBXBuildFile; fileRef = 8C437EE209DD25440055FEFF /* bitmath.c */; };
		8C437EE909DD25790055FEFF /* crc.c in Sources */ = {isa = PBXBuildFile; fileRef = 8C437EE809DD25790055FEFF /* crc.c */; };
		8C437EEF09DD25960055FEFF /* cpu.c in Sources */ = {isa = PBXBuildFile; fileRef = 8C437EEE09DD25960055FEFF /* cpu.c */; };
		8C437EF509DD25BD0055FEFF /* lpc.c in Sources */ = {isa = PBXBuildFile; fileRef = 8C437EF409DD25BD0055FEFF /* lpc.c */; };
		8C437EFB09DD25E50055FEFF /* fixed.c in Sources */ = {isa = PBXBuildFile; fileRef = 8C437EFA09DD25E50055FEFF /* fixed.c */; };
		8C437F0109DD26050055FEFF /* memory.c in Sources */ = {isa = PBXBuildFile; fileRef = 8C437F0009DD26050055FEFF /* memory.c */; };
		8CB16D3F0B63FAAD005738A3 /* ogg_decoder_aspect.c in Sources */ = {isa = PBXBuildFile; fileRef = 8CB16D3D0B63FAAD005738A3 /* ogg_decoder_aspect.c */; };
		8CB16D400B63FAAD005738A3 /* stream_decoder.c in Sources */ = {isa = PBXBuildFile; fileRef = 8CB16D3E0B63FAAD005738A3 /* stream_decoder.c */; };
		8CB16D480B63FB15005738A3 /* bitwise.c in Sources */ = {isa = PBXBuildFile; fileRef = 8CB16D460B63FB15005738A3 /* bitwise.c */; };
		8CB16D490B63FB15005738A3 /* framing.c in Sources */ = {isa = PBXBuildFile; fileRef = 8CB16D470B63FB15005738A3 /* framing.c */; };
		8CB16D550B63FB61005738A3 /* ogg_mapping.c in Sources */ = {isa = PBXBuildFile; fileRef = 8CB16D540B63FB61005738A3 /* ogg_mapping.c */; };
		8D576312048677EA00EA77CD /* main.c in Sources */ = {isa = PBXBuildFile; fileRef = 08FB77B6FE84183AC02AAC07 /* main.c */; settings = {ATTRIBUTES = (); }; };
		8D576314048677EA00EA77CD /* CoreFoundation.framework in Frameworks */ = {isa = PBXBuildFile; fileRef = 0AA1909FFE8422F4C02AAC07 /* CoreFoundation.framework */; };
		8D5B49A804867FD3000E48DA /* InfoPlist.strings in Resources */ = {isa = PBXBuildFile; fileRef = 8D5B49A704867FD3000E48DA /* InfoPlist.strings */; };
		C86B05270671AA6E00DD9006 /* CoreServices.framework in Frameworks */ = {isa = PBXBuildFile; fileRef = C86B05260671AA6E00DD9006 /* CoreServices.framework */; };
		C88FB7D8067446EC006EBB30 /* schema.xml in Resources */ = {isa = PBXBuildFile; fileRef = C88FB7D7067446EC006EBB30 /* schema.xml */; };
		C88FB7E40674480E006EBB30 /* schema.strings in Resources */ = {isa = PBXBuildFile; fileRef = C88FB7E30674480E006EBB30 /* schema.strings */; };
/* End PBXBuildFile section */

/* Begin PBXFileReference section */
		089C167EFE841241C02AAC07 /* English */ = {isa = PBXFileReference; fileEncoding = 10; lastKnownFileType = text.plist.strings; name = English; path = English.lproj/InfoPlist.strings; sourceTree = "<group>"; };
		08FB77B6FE84183AC02AAC07 /* main.c */ = {isa = PBXFileReference; fileEncoding = 4; lastKnownFileType = sourcecode.c.c; path = main.c; sourceTree = "<group>"; };
		0AA1909FFE8422F4C02AAC07 /* CoreFoundation.framework */ = {isa = PBXFileReference; lastKnownFileType = wrapper.framework; name = CoreFoundation.framework; path = /System/Library/Frameworks/CoreFoundation.framework; sourceTree = "<absolute>"; };
		2C05A19B06CAA52B00D84F6F /* GetMetadataForFile.m */ = {isa = PBXFileReference; fileEncoding = 4; lastKnownFileType = sourcecode.c.objc; path = GetMetadataForFile.m; sourceTree = "<group>"; };
		8C43736009DD193E0055FEFF /* Cocoa.framework */ = {isa = PBXFileReference; lastKnownFileType = wrapper.framework; name = Cocoa.framework; path = /System/Library/Frameworks/Cocoa.framework; sourceTree = "<absolute>"; };
		8C437E7809DD225F0055FEFF /* metadata_iterators.c */ = {isa = PBXFileReference; fileEncoding = 30; lastKnownFileType = sourcecode.c.c; name = metadata_iterators.c; path = "flac-src/src/libFLAC/metadata_iterators.c"; sourceTree = "<group>"; };
		8C437E7909DD225F0055FEFF /* metadata_object.c */ = {isa = PBXFileReference; fileEncoding = 30; lastKnownFileType = sourcecode.c.c; name = metadata_object.c; path = "flac-src/src/libFLAC/metadata_object.c"; sourceTree = "<group>"; };
		8C437EA109DD236D0055FEFF /* format.c */ = {isa = PBXFileReference; fileEncoding = 30; lastKnownFileType = sourcecode.c.c; name = format.c; path = "flac-src/src/libFLAC/format.c"; sourceTree = "<group>"; };
		8C437ED809DD25140055FEFF /* md5.c */ = {isa = PBXFileReference; fileEncoding = 30; lastKnownFileType = sourcecode.c.c; name = md5.c; path = "flac-src/src/libFLAC/md5.c"; sourceTree = "<group>"; };
		8C437EDC09DD252B0055FEFF /* bitbuffer.c */ = {isa = PBXFileReference; fileEncoding = 30; lastKnownFileType = sourcecode.c.c; name = bitbuffer.c; path = "flac-src/src/libFLAC/bitbuffer.c"; sourceTree = "<group>"; };
		8C437EE209DD25440055FEFF /* bitmath.c */ = {isa = PBXFileReference; fileEncoding = 30; lastKnownFileType = sourcecode.c.c; name = bitmath.c; path = "flac-src/src/libFLAC/bitmath.c"; sourceTree = "<group>"; };
		8C437EE809DD25790055FEFF /* crc.c */ = {isa = PBXFileReference; fileEncoding = 30; lastKnownFileType = sourcecode.c.c; name = crc.c; path = "flac-src/src/libFLAC/crc.c"; sourceTree = "<group>"; };
		8C437EEE09DD25960055FEFF /* cpu.c */ = {isa = PBXFileReference; fileEncoding = 30; lastKnownFileType = sourcecode.c.c; name = cpu.c; path = "flac-src/src/libFLAC/cpu.c"; sourceTree = "<group>"; };
		8C437EF409DD25BD0055FEFF /* lpc.c */ = {isa = PBXFileReference; fileEncoding = 30; lastKnownFileType = sourcecode.c.c; name = lpc.c; path = "flac-src/src/libFLAC/lpc.c"; sourceTree = "<group>"; };
		8C437EFA09DD25E50055FEFF /* fixed.c */ = {isa = PBXFileReference; fileEncoding = 30; lastKnownFileType = sourcecode.c.c; name = fixed.c; path = "flac-src/src/libFLAC/fixed.c"; sourceTree = "<group>"; };
		8C437F0009DD26050055FEFF /* memory.c */ = {isa = PBXFileReference; fileEncoding = 30; lastKnownFileType = sourcecode.c.c; name = memory.c; path = "flac-src/src/libFLAC/memory.c"; sourceTree = "<group>"; };
		8CB16D3D0B63FAAD005738A3 /* ogg_decoder_aspect.c */ = {isa = PBXFileReference; fileEncoding = 30; lastKnownFileType = sourcecode.c.c; name = ogg_decoder_aspect.c; path = "flac-src/src/libFLAC/ogg_decoder_aspect.c"; sourceTree = "<group>"; };
		8CB16D3E0B63FAAD005738A3 /* stream_decoder.c */ = {isa = PBXFileReference; fileEncoding = 30; lastKnownFileType = sourcecode.c.c; name = stream_decoder.c; path = "flac-src/src/libFLAC/stream_decoder.c"; sourceTree = "<group>"; };
		8CB16D460B63FB15005738A3 /* bitwise.c */ = {isa = PBXFileReference; fileEncoding = 30; lastKnownFileType = sourcecode.c.c; name = bitwise.c; path = "libogg-src/src/bitwise.c"; sourceTree = "<group>"; };
		8CB16D470B63FB15005738A3 /* framing.c */ = {isa = PBXFileReference; fileEncoding = 30; lastKnownFileType = sourcecode.c.c; name = framing.c; path = "libogg-src/src/framing.c"; sourceTree = "<group>"; };
		8CB16D540B63FB61005738A3 /* ogg_mapping.c */ = {isa = PBXFileReference; fileEncoding = 30; lastKnownFileType = sourcecode.c.c; name = ogg_mapping.c; path = "flac-src/src/libFLAC/ogg_mapping.c"; sourceTree = "<group>"; };
		8CB16D570B63FB9F005738A3 /* config.h */ = {isa = PBXFileReference; fileEncoding = 30; lastKnownFileType = sourcecode.c.h; path = config.h; sourceTree = "<group>"; };
		8D576316048677EA00EA77CD /* FLAC.mdimporter */ = {isa = PBXFileReference; explicitFileType = wrapper.cfbundle; includeInIndex = 0; path = FLAC.mdimporter; sourceTree = BUILT_PRODUCTS_DIR; };
		8D576317048677EA00EA77CD /* Info.plist */ = {isa = PBXFileReference; fileEncoding = 4; lastKnownFileType = text.plist; path = Info.plist; sourceTree = "<group>"; };
		C86B05260671AA6E00DD9006 /* CoreServices.framework */ = {isa = PBXFileReference; lastKnownFileType = wrapper.framework; name = CoreServices.framework; path = /System/Library/Frameworks/CoreServices.framework; sourceTree = "<absolute>"; };
		C88FB7D7067446EC006EBB30 /* schema.xml */ = {isa = PBXFileReference; fileEncoding = 4; lastKnownFileType = text.xml; path = schema.xml; sourceTree = "<group>"; };
		C88FB7DB0674470F006EBB30 /* English */ = {isa = PBXFileReference; fileEncoding = 10; lastKnownFileType = text.plist.strings; name = English; path = English.lproj/schema.strings; sourceTree = "<group>"; };
/* End PBXFileReference section */

/* Begin PBXFrameworksBuildPhase section */
		8D576313048677EA00EA77CD /* Frameworks */ = {
			isa = PBXFrameworksBuildPhase;
			buildActionMask = 2147483647;
			files = (
				8D576314048677EA00EA77CD /* CoreFoundation.framework in Frameworks */,
				C86B05270671AA6E00DD9006 /* CoreServices.framework in Frameworks */,
				8C43736109DD193E0055FEFF /* Cocoa.framework in Frameworks */,
			);
			runOnlyForDeploymentPostprocessing = 0;
		};
/* End PBXFrameworksBuildPhase section */

/* Begin PBXGroup section */
		089C166AFE841209C02AAC07 /* FLAC */ = {
			isa = PBXGroup;
			children = (
				08FB77AFFE84173DC02AAC07 /* Source */,
				8CB16D450B63FB03005738A3 /* Ogg */,
				8C437E6D09DD21670055FEFF /* FLAC */,
				089C167CFE841241C02AAC07 /* Resources */,
				089C1671FE841209C02AAC07 /* External Frameworks and Libraries */,
				19C28FB6FE9D52B211CA2CBB /* Products */,
			);
			name = FLAC;
			sourceTree = "<group>";
		};
		089C1671FE841209C02AAC07 /* External Frameworks and Libraries */ = {
			isa = PBXGroup;
			children = (
				8C43736009DD193E0055FEFF /* Cocoa.framework */,
				C86B05260671AA6E00DD9006 /* CoreServices.framework */,
				0AA1909FFE8422F4C02AAC07 /* CoreFoundation.framework */,
			);
			name = "External Frameworks and Libraries";
			sourceTree = "<group>";
		};
		089C167CFE841241C02AAC07 /* Resources */ = {
			isa = PBXGroup;
			children = (
				C88FB7E30674480E006EBB30 /* schema.strings */,
				C88FB7D7067446EC006EBB30 /* schema.xml */,
				8D576317048677EA00EA77CD /* Info.plist */,
				8D5B49A704867FD3000E48DA /* InfoPlist.strings */,
			);
			name = Resources;
			sourceTree = "<group>";
		};
		08FB77AFFE84173DC02AAC07 /* Source */ = {
			isa = PBXGroup;
			children = (
				8CB16D570B63FB9F005738A3 /* config.h */,
				2C05A19B06CAA52B00D84F6F /* GetMetadataForFile.m */,
				08FB77B6FE84183AC02AAC07 /* main.c */,
			);
			name = Source;
			sourceTree = "<group>";
		};
		19C28FB6FE9D52B211CA2CBB /* Products */ = {
			isa = PBXGroup;
			children = (
				8D576316048677EA00EA77CD /* FLAC.mdimporter */,
			);
			name = Products;
			sourceTree = "<group>";
		};
		8C437E6D09DD21670055FEFF /* FLAC */ = {
			isa = PBXGroup;
			children = (
				8CB16D540B63FB61005738A3 /* ogg_mapping.c */,
				8CB16D3D0B63FAAD005738A3 /* ogg_decoder_aspect.c */,
				8CB16D3E0B63FAAD005738A3 /* stream_decoder.c */,
				8C437F0009DD26050055FEFF /* memory.c */,
				8C437EFA09DD25E50055FEFF /* fixed.c */,
				8C437EF409DD25BD0055FEFF /* lpc.c */,
				8C437EEE09DD25960055FEFF /* cpu.c */,
				8C437EE809DD25790055FEFF /* crc.c */,
				8C437EE209DD25440055FEFF /* bitmath.c */,
				8C437EDC09DD252B0055FEFF /* bitbuffer.c */,
				8C437ED809DD25140055FEFF /* md5.c */,
				8C437EA109DD236D0055FEFF /* format.c */,
				8C437E7809DD225F0055FEFF /* metadata_iterators.c */,
				8C437E7909DD225F0055FEFF /* metadata_object.c */,
			);
			name = FLAC;
			sourceTree = "<group>";
		};
		8CB16D450B63FB03005738A3 /* Ogg */ = {
			isa = PBXGroup;
			children = (
				8CB16D460B63FB15005738A3 /* bitwise.c */,
				8CB16D470B63FB15005738A3 /* framing.c */,
			);
			name = Ogg;
			sourceTree = "<group>";
		};
/* End PBXGroup section */

/* Begin PBXHeadersBuildPhase section */
		8D57630E048677EA00EA77CD /* Headers */ = {
			isa = PBXHeadersBuildPhase;
			buildActionMask = 2147483647;
			files = (
			);
			runOnlyForDeploymentPostprocessing = 0;
		};
/* End PBXHeadersBuildPhase section */

/* Begin PBXNativeTarget section */
		8D57630D048677EA00EA77CD /* FLAC */ = {
			isa = PBXNativeTarget;
			buildConfigurationList = 70138C840896BE9A00968C2F /* Build configuration list for PBXNativeTarget "FLAC" */;
			buildPhases = (
				8D57630E048677EA00EA77CD /* Headers */,
				8D57630F048677EA00EA77CD /* Resources */,
				8D576311048677EA00EA77CD /* Sources */,
				8D576313048677EA00EA77CD /* Frameworks */,
				8D576315048677EA00EA77CD /* Rez */,
			);
			buildRules = (
			);
			dependencies = (
			);
			name = FLAC;
			productInstallPath = /Library/Spotlight;
			productName = FLAC;
			productReference = 8D576316048677EA00EA77CD /* FLAC.mdimporter */;
			productType = "com.apple.product-type.bundle";
		};
/* End PBXNativeTarget section */

/* Begin PBXProject section */
		089C1669FE841209C02AAC07 /* Project object */ = {
			isa = PBXProject;
			buildConfigurationList = 70138C880896BE9A00968C2F /* Build configuration list for PBXProject "FLAC" */;
			compatibilityVersion = "Xcode 3.1";
			hasScannedForEncodings = 1;
			mainGroup = 089C166AFE841209C02AAC07 /* FLAC */;
			projectDirPath = "";
			projectRoot = "";
			targets = (
				8D57630D048677EA00EA77CD /* FLAC */,
			);
		};
/* End PBXProject section */

/* Begin PBXResourcesBuildPhase section */
		8D57630F048677EA00EA77CD /* Resources */ = {
			isa = PBXResourcesBuildPhase;
			buildActionMask = 2147483647;
			files = (
				8D5B49A804867FD3000E48DA /* InfoPlist.strings in Resources */,
				C88FB7D8067446EC006EBB30 /* schema.xml in Resources */,
				C88FB7E40674480E006EBB30 /* schema.strings in Resources */,
			);
			runOnlyForDeploymentPostprocessing = 0;
		};
/* End PBXResourcesBuildPhase section */

/* Begin PBXRezBuildPhase section */
		8D576315048677EA00EA77CD /* Rez */ = {
			isa = PBXRezBuildPhase;
			buildActionMask = 2147483647;
			files = (
			);
			runOnlyForDeploymentPostprocessing = 0;
		};
/* End PBXRezBuildPhase section */

/* Begin PBXSourcesBuildPhase section */
		8D576311048677EA00EA77CD /* Sources */ = {
			isa = PBXSourcesBuildPhase;
			buildActionMask = 2147483647;
			files = (
				8D576312048677EA00EA77CD /* main.c in Sources */,
				2C05A19C06CAA52B00D84F6F /* GetMetadataForFile.m in Sources */,
				8C437E7B09DD225F0055FEFF /* metadata_iterators.c in Sources */,
				8C437E7C09DD225F0055FEFF /* metadata_object.c in Sources */,
				8C437EA209DD236D0055FEFF /* format.c in Sources */,
				8C437ED909DD25140055FEFF /* md5.c in Sources */,
				8C437EDD09DD252B0055FEFF /* bitbuffer.c in Sources */,
				8C437EE309DD25440055FEFF /* bitmath.c in Sources */,
				8C437EE909DD25790055FEFF /* crc.c in Sources */,
				8C437EEF09DD25960055FEFF /* cpu.c in Sources */,
				8C437EF509DD25BD0055FEFF /* lpc.c in Sources */,
				8C437EFB09DD25E50055FEFF /* fixed.c in Sources */,
				8C437F0109DD26050055FEFF /* memory.c in Sources */,
				8CB16D3F0B63FAAD005738A3 /* ogg_decoder_aspect.c in Sources */,
				8CB16D400B63FAAD005738A3 /* stream_decoder.c in Sources */,
				8CB16D480B63FB15005738A3 /* bitwise.c in Sources */,
				8CB16D490B63FB15005738A3 /* framing.c in Sources */,
				8CB16D550B63FB61005738A3 /* ogg_mapping.c in Sources */,
			);
			runOnlyForDeploymentPostprocessing = 0;
		};
/* End PBXSourcesBuildPhase section */

/* Begin PBXVariantGroup section */
		8D5B49A704867FD3000E48DA /* InfoPlist.strings */ = {
			isa = PBXVariantGroup;
			children = (
				089C167EFE841241C02AAC07 /* English */,
			);
			name = InfoPlist.strings;
			sourceTree = "<group>";
		};
		C88FB7E30674480E006EBB30 /* schema.strings */ = {
			isa = PBXVariantGroup;
			children = (
				C88FB7DB0674470F006EBB30 /* English */,
			);
			name = schema.strings;
			sourceTree = "<group>";
		};
/* End PBXVariantGroup section */

/* Begin XCBuildConfiguration section */
		70138C850896BE9A00968C2F /* Debug */ = {
			isa = XCBuildConfiguration;
			buildSettings = {
				COPY_PHASE_STRIP = NO;
				GCC_PRECOMPILE_PREFIX_HEADER = NO;
				GCC_PREPROCESSOR_DEFINITIONS = (
					__MACOSX__,
					HAVE_CONFIG_H,
				);
				GCC_WARN_ABOUT_MISSING_NEWLINE = YES;
				GCC_WARN_CHECK_SWITCH_STATEMENTS = YES;
				GCC_WARN_EFFECTIVE_CPLUSPLUS_VIOLATIONS = YES;
				GCC_WARN_MISSING_PARENTHESES = YES;
				GCC_WARN_NON_VIRTUAL_DESTRUCTOR = YES;
				GCC_WARN_SIGN_COMPARE = YES;
				GCC_WARN_TYPECHECK_CALLS_TO_PRINTF = YES;
				GCC_WARN_UNKNOWN_PRAGMAS = YES;
				GCC_WARN_UNUSED_FUNCTION = YES;
				GCC_WARN_UNUSED_LABEL = YES;
				GCC_WARN_UNUSED_PARAMETER = YES;
				GCC_WARN_UNUSED_VALUE = YES;
				INFOPLIST_FILE = Info.plist;
				INSTALL_PATH = /Library/Spotlight;
				PRODUCT_NAME = FLAC;
				USER_HEADER_SEARCH_PATHS = "$(SRCROOT) $(SRCROOT)/libogg-src/include $(SRCROOT)/flac-src/include $(SRCROOT)/flac-src/src/libFLAC/include";
				WRAPPER_EXTENSION = mdimporter;
			};
			name = Debug;
		};
		70138C860896BE9A00968C2F /* Release */ = {
			isa = XCBuildConfiguration;
			buildSettings = {
				GCC_PRECOMPILE_PREFIX_HEADER = NO;
				GCC_PREPROCESSOR_DEFINITIONS = (
					__MACOSX__,
					HAVE_CONFIG_H,
				);
				GCC_WARN_ABOUT_MISSING_NEWLINE = YES;
				GCC_WARN_CHECK_SWITCH_STATEMENTS = YES;
				GCC_WARN_EFFECTIVE_CPLUSPLUS_VIOLATIONS = YES;
				GCC_WARN_MISSING_PARENTHESES = YES;
				GCC_WARN_NON_VIRTUAL_DESTRUCTOR = YES;
				GCC_WARN_SIGN_COMPARE = YES;
				GCC_WARN_TYPECHECK_CALLS_TO_PRINTF = YES;
				GCC_WARN_UNINITIALIZED_AUTOS = YES;
				GCC_WARN_UNKNOWN_PRAGMAS = YES;
				GCC_WARN_UNUSED_FUNCTION = YES;
				GCC_WARN_UNUSED_LABEL = YES;
				GCC_WARN_UNUSED_PARAMETER = YES;
				GCC_WARN_UNUSED_VALUE = YES;
				INFOPLIST_FILE = Info.plist;
				INSTALL_PATH = /Library/Spotlight;
				PRODUCT_NAME = FLAC;
				USER_HEADER_SEARCH_PATHS = "$(SRCROOT) $(SRCROOT)/libogg-src/include $(SRCROOT)/flac-src/include $(SRCROOT)/flac-src/src/libFLAC/include";
				WRAPPER_EXTENSION = mdimporter;
			};
			name = Release;
		};
		70138C890896BE9A00968C2F /* Debug */ = {
			isa = XCBuildConfiguration;
			buildSettings = {
				ARCHS = "$(ARCHS_STANDARD_32_BIT)";
				GCC_C_LANGUAGE_STANDARD = c99;
				GCC_OPTIMIZATION_LEVEL = 0;
				GCC_WARN_ABOUT_RETURN_TYPE = YES;
				GCC_WARN_UNUSED_VARIABLE = YES;
				ONLY_ACTIVE_ARCH = YES;
				SDKROOT = macosx10.5;
			};
			name = Debug;
		};
		70138C8A0896BE9A00968C2F /* Release */ = {
			isa = XCBuildConfiguration;
			buildSettings = {
				ARCHS = "$(ARCHS_STANDARD_32_BIT)";
				GCC_C_LANGUAGE_STANDARD = c99;
				GCC_WARN_ABOUT_RETURN_TYPE = YES;
				GCC_WARN_UNUSED_VARIABLE = YES;
				SDKROOT = macosx10.5;
			};
			name = Release;
		};
/* End XCBuildConfiguration section */

/* Begin XCConfigurationList section */
		70138C840896BE9A00968C2F /* Build configuration list for PBXNativeTarget "FLAC" */ = {
			isa = XCConfigurationList;
			buildConfigurations = (
				70138C850896BE9A00968C2F /* Debug */,
				70138C860896BE9A00968C2F /* Release */,
			);
			defaultConfigurationIsVisible = 0;
			defaultConfigurationName = Release;
		};
		70138C880896BE9A00968C2F /* Build configuration list for PBXProject "FLAC" */ = {
			isa = XCConfigurationList;
			buildConfigurations = (
				70138C890896BE9A00968C2F /* Debug */,
				70138C8A0896BE9A00968C2F /* Release */,
			);
			defaultConfigurationIsVisible = 0;
			defaultConfigurationName = Release;
		};
/* End XCConfigurationList section */
	};
	rootObject = 089C1669FE841209C02AAC07 /* Project object */;
}
